// !$*UTF8*$!
{
	archiveVersion = 1;
	classes = {
	};
	objectVersion = 50;
	objects = {

/* Begin PBXBuildFile section */
		F605239824D32425008B3DA9 /* AppDelegate.swift in Sources */ = {isa = PBXBuildFile; fileRef = F605239724D32425008B3DA9 /* AppDelegate.swift */; };
		F605239A24D32425008B3DA9 /* SceneDelegate.swift in Sources */ = {isa = PBXBuildFile; fileRef = F605239924D32425008B3DA9 /* SceneDelegate.swift */; };
		F605239C24D32425008B3DA9 /* ViewController.swift in Sources */ = {isa = PBXBuildFile; fileRef = F605239B24D32425008B3DA9 /* ViewController.swift */; };
		F605239F24D32425008B3DA9 /* Main.storyboard in Resources */ = {isa = PBXBuildFile; fileRef = F605239D24D32425008B3DA9 /* Main.storyboard */; };
		F60523A224D32425008B3DA9 /* motiv3.xcdatamodeld in Sources */ = {isa = PBXBuildFile; fileRef = F60523A024D32425008B3DA9 /* motiv3.xcdatamodeld */; };
		F60523A424D32429008B3DA9 /* Assets.xcassets in Resources */ = {isa = PBXBuildFile; fileRef = F60523A324D32429008B3DA9 /* Assets.xcassets */; };
		F60523A724D32429008B3DA9 /* LaunchScreen.storyboard in Resources */ = {isa = PBXBuildFile; fileRef = F60523A524D32429008B3DA9 /* LaunchScreen.storyboard */; };
/* End PBXBuildFile section */

/* Begin PBXFileReference section */
		F605239424D32425008B3DA9 /* motiv3.app */ = {isa = PBXFileReference; explicitFileType = wrapper.application; includeInIndex = 0; path = motiv3.app; sourceTree = BUILT_PRODUCTS_DIR; };
		F605239724D32425008B3DA9 /* AppDelegate.swift */ = {isa = PBXFileReference; lastKnownFileType = sourcecode.swift; path = AppDelegate.swift; sourceTree = "<group>"; };
		F605239924D32425008B3DA9 /* SceneDelegate.swift */ = {isa = PBXFileReference; lastKnownFileType = sourcecode.swift; path = SceneDelegate.swift; sourceTree = "<group>"; };
		F605239B24D32425008B3DA9 /* ViewController.swift */ = {isa = PBXFileReference; lastKnownFileType = sourcecode.swift; path = ViewController.swift; sourceTree = "<group>"; };
		F605239E24D32425008B3DA9 /* Base */ = {isa = PBXFileReference; lastKnownFileType = file.storyboard; name = Base; path = Base.lproj/Main.storyboard; sourceTree = "<group>"; };
		F60523A124D32425008B3DA9 /* motiv3.xcdatamodel */ = {isa = PBXFileReference; lastKnownFileType = wrapper.xcdatamodel; path = motiv3.xcdatamodel; sourceTree = "<group>"; };
		F60523A324D32429008B3DA9 /* Assets.xcassets */ = {isa = PBXFileReference; lastKnownFileType = folder.assetcatalog; path = Assets.xcassets; sourceTree = "<group>"; };
		F60523A624D32429008B3DA9 /* Base */ = {isa = PBXFileReference; lastKnownFileType = file.storyboard; name = Base; path = Base.lproj/LaunchScreen.storyboard; sourceTree = "<group>"; };
		F60523A824D32429008B3DA9 /* Info.plist */ = {isa = PBXFileReference; lastKnownFileType = text.plist.xml; path = Info.plist; sourceTree = "<group>"; };
/* End PBXFileReference section */

/* Begin PBXFrameworksBuildPhase section */
		F605239124D32425008B3DA9 /* Frameworks */ = {
			isa = PBXFrameworksBuildPhase;
			buildActionMask = 2147483647;
			files = (
			);
			runOnlyForDeploymentPostprocessing = 0;
		};
/* End PBXFrameworksBuildPhase section */

/* Begin PBXGroup section */
		F605238B24D32425008B3DA9 = {
			isa = PBXGroup;
			children = (
				F605239624D32425008B3DA9 /* motiv3 */,
				F605239524D32425008B3DA9 /* Products */,
			);
			sourceTree = "<group>";
		};
		F605239524D32425008B3DA9 /* Products */ = {
			isa = PBXGroup;
			children = (
				F605239424D32425008B3DA9 /* motiv3.app */,
			);
			name = Products;
			sourceTree = "<group>";
		};
		F605239624D32425008B3DA9 /* motiv3 */ = {
			isa = PBXGroup;
			children = (
				F605239724D32425008B3DA9 /* AppDelegate.swift */,
				F605239924D32425008B3DA9 /* SceneDelegate.swift */,
				F605239B24D32425008B3DA9 /* ViewController.swift */,
				F605239D24D32425008B3DA9 /* Main.storyboard */,
				F60523A324D32429008B3DA9 /* Assets.xcassets */,
				F60523A524D32429008B3DA9 /* LaunchScreen.storyboard */,
				F60523A824D32429008B3DA9 /* Info.plist */,
				F60523A024D32425008B3DA9 /* motiv3.xcdatamodeld */,
			);
			path = motiv3;
			sourceTree = "<group>";
		};
/* End PBXGroup section */

/* Begin PBXNativeTarget section */
		F605239324D32425008B3DA9 /* motiv3 */ = {
			isa = PBXNativeTarget;
			buildConfigurationList = F60523AB24D32429008B3DA9 /* Build configuration list for PBXNativeTarget "motiv3" */;
			buildPhases = (
				F605239024D32425008B3DA9 /* Sources */,
				F605239124D32425008B3DA9 /* Frameworks */,
				F605239224D32425008B3DA9 /* Resources */,
			);
			buildRules = (
			);
			dependencies = (
			);
			name = motiv3;
			productName = motiv3;
			productReference = F605239424D32425008B3DA9 /* motiv3.app */;
			productType = "com.apple.product-type.application";
		};
/* End PBXNativeTarget section */

/* Begin PBXProject section */
		F605238C24D32425008B3DA9 /* Project object */ = {
			isa = PBXProject;
			attributes = {
				LastSwiftUpdateCheck = 1150;
				LastUpgradeCheck = 1150;
				ORGANIZATIONNAME = "Riya Bhivare";
				TargetAttributes = {
					F605239324D32425008B3DA9 = {
						CreatedOnToolsVersion = 11.5;
					};
				};
			};
			buildConfigurationList = F605238F24D32425008B3DA9 /* Build configuration list for PBXProject "motiv3" */;
			compatibilityVersion = "Xcode 9.3";
			developmentRegion = en;
			hasScannedForEncodings = 0;
			knownRegions = (
				en,
				Base,
			);
			mainGroup = F605238B24D32425008B3DA9;
			productRefGroup = F605239524D32425008B3DA9 /* Products */;
			projectDirPath = "";
			projectRoot = "";
			targets = (
				F605239324D32425008B3DA9 /* motiv3 */,
			);
		};
/* End PBXProject section */

/* Begin PBXResourcesBuildPhase section */
		F605239224D32425008B3DA9 /* Resources */ = {
			isa = PBXResourcesBuildPhase;
			buildActionMask = 2147483647;
			files = (
				F60523A724D32429008B3DA9 /* LaunchScreen.storyboard in Resources */,
				F60523A424D32429008B3DA9 /* Assets.xcassets in Resources */,
				F605239F24D32425008B3DA9 /* Main.storyboard in Resources */,
			);
			runOnlyForDeploymentPostprocessing = 0;
		};
/* End PBXResourcesBuildPhase section */

/* Begin PBXSourcesBuildPhase section */
		F605239024D32425008B3DA9 /* Sources */ = {
			isa = PBXSourcesBuildPhase;
			buildActionMask = 2147483647;
			files = (
				F605239C24D32425008B3DA9 /* ViewController.swift in Sources */,
				F60523A224D32425008B3DA9 /* motiv3.xcdatamodeld in Sources */,
				F605239824D32425008B3DA9 /* AppDelegate.swift in Sources */,
				F605239A24D32425008B3DA9 /* SceneDelegate.swift in Sources */,
			);
			runOnlyForDeploymentPostprocessing = 0;
		};
/* End PBXSourcesBuildPhase section */

/* Begin PBXVariantGroup section */
		F605239D24D32425008B3DA9 /* Main.storyboard */ = {
			isa = PBXVariantGroup;
			children = (
				F605239E24D32425008B3DA9 /* Base */,
			);
			name = Main.storyboard;
			sourceTree = "<group>";
		};
		F60523A524D32429008B3DA9 /* LaunchScreen.storyboard */ = {
			isa = PBXVariantGroup;
			children = (
				F60523A624D32429008B3DA9 /* Base */,
			);
			name = LaunchScreen.storyboard;
			sourceTree = "<group>";
		};
/* End PBXVariantGroup section */

/* Begin XCBuildConfiguration section */
		F60523A924D32429008B3DA9 /* Debug */ = {
			isa = XCBuildConfiguration;
			buildSettings = {
				ALWAYS_SEARCH_USER_PATHS = NO;
				CLANG_ANALYZER_NONNULL = YES;
				CLANG_ANALYZER_NUMBER_OBJECT_CONVERSION = YES_AGGRESSIVE;
				CLANG_CXX_LANGUAGE_STANDARD = "gnu++14";
				CLANG_CXX_LIBRARY = "libc++";
				CLANG_ENABLE_MODULES = YES;
				CLANG_ENABLE_OBJC_ARC = YES;
				CLANG_ENABLE_OBJC_WEAK = YES;
				CLANG_WARN_BLOCK_CAPTURE_AUTORELEASING = YES;
				CLANG_WARN_BOOL_CONVERSION = YES;
				CLANG_WARN_COMMA = YES;
				CLANG_WARN_CONSTANT_CONVERSION = YES;
				CLANG_WARN_DEPRECATED_OBJC_IMPLEMENTATIONS = YES;
				CLANG_WARN_DIRECT_OBJC_ISA_USAGE = YES_ERROR;
				CLANG_WARN_DOCUMENTATION_COMMENTS = YES;
				CLANG_WARN_EMPTY_BODY = YES;
				CLANG_WARN_ENUM_CONVERSION = YES;
				CLANG_WARN_INFINITE_RECURSION = YES;
				CLANG_WARN_INT_CONVERSION = YES;
				CLANG_WARN_NON_LITERAL_NULL_CONVERSION = YES;
				CLANG_WARN_OBJC_IMPLICIT_RETAIN_SELF = YES;
				CLANG_WARN_OBJC_LITERAL_CONVERSION = YES;
				CLANG_WARN_OBJC_ROOT_CLASS = YES_ERROR;
				CLANG_WARN_RANGE_LOOP_ANALYSIS = YES;
				CLANG_WARN_STRICT_PROTOTYPES = YES;
				CLANG_WARN_SUSPICIOUS_MOVE = YES;
				CLANG_WARN_UNGUARDED_AVAILABILITY = YES_AGGRESSIVE;
				CLANG_WARN_UNREACHABLE_CODE = YES;
				CLANG_WARN__DUPLICATE_METHOD_MATCH = YES;
				COPY_PHASE_STRIP = NO;
				DEBUG_INFORMATION_FORMAT = dwarf;
				ENABLE_STRICT_OBJC_MSGSEND = YES;
				ENABLE_TESTABILITY = YES;
				GCC_C_LANGUAGE_STANDARD = gnu11;
				GCC_DYNAMIC_NO_PIC = NO;
				GCC_NO_COMMON_BLOCKS = YES;
				GCC_OPTIMIZATION_LEVEL = 0;
				GCC_PREPROCESSOR_DEFINITIONS = (
					"DEBUG=1",
					"$(inherited)",
				);
				GCC_WARN_64_TO_32_BIT_CONVERSION = YES;
				GCC_WARN_ABOUT_RETURN_TYPE = YES_ERROR;
				GCC_WARN_UNDECLARED_SELECTOR = YES;
				GCC_WARN_UNINITIALIZED_AUTOS = YES_AGGRESSIVE;
				GCC_WARN_UNUSED_FUNCTION = YES;
				GCC_WARN_UNUSED_VARIABLE = YES;
				IPHONEOS_DEPLOYMENT_TARGET = 13.5;
				MTL_ENABLE_DEBUG_INFO = INCLUDE_SOURCE;
				MTL_FAST_MATH = YES;
				ONLY_ACTIVE_ARCH = YES;
				SDKROOT = iphoneos;
				SWIFT_ACTIVE_COMPILATION_CONDITIONS = DEBUG;
				SWIFT_OPTIMIZATION_LEVEL = "-Onone";
			};
			name = Debug;
		};
		F60523AA24D32429008B3DA9 /* Release */ = {
			isa = XCBuildConfiguration;
			buildSettings = {
				ALWAYS_SEARCH_USER_PATHS = NO;
				CLANG_ANALYZER_NONNULL = YES;
				CLANG_ANALYZER_NUMBER_OBJECT_CONVERSION = YES_AGGRESSIVE;
				CLANG_CXX_LANGUAGE_STANDARD = "gnu++14";
				CLANG_CXX_LIBRARY = "libc++";
				CLANG_ENABLE_MODULES = YES;
				CLANG_ENABLE_OBJC_ARC = YES;
				CLANG_ENABLE_OBJC_WEAK = YES;
				CLANG_WARN_BLOCK_CAPTURE_AUTORELEASING = YES;
				CLANG_WARN_BOOL_CONVERSION = YES;
				CLANG_WARN_COMMA = YES;
				CLANG_WARN_CONSTANT_CONVERSION = YES;
				CLANG_WARN_DEPRECATED_OBJC_IMPLEMENTATIONS = YES;
				CLANG_WARN_DIRECT_OBJC_ISA_USAGE = YES_ERROR;
				CLANG_WARN_DOCUMENTATION_COMMENTS = YES;
				CLANG_WARN_EMPTY_BODY = YES;
				CLANG_WARN_ENUM_CONVERSION = YES;
				CLANG_WARN_INFINITE_RECURSION = YES;
				CLANG_WARN_INT_CONVERSION = YES;
				CLANG_WARN_NON_LITERAL_NULL_CONVERSION = YES;
				CLANG_WARN_OBJC_IMPLICIT_RETAIN_SELF = YES;
				CLANG_WARN_OBJC_LITERAL_CONVERSION = YES;
				CLANG_WARN_OBJC_ROOT_CLASS = YES_ERROR;
				CLANG_WARN_RANGE_LOOP_ANALYSIS = YES;
				CLANG_WARN_STRICT_PROTOTYPES = YES;
				CLANG_WARN_SUSPICIOUS_MOVE = YES;
				CLANG_WARN_UNGUARDED_AVAILABILITY = YES_AGGRESSIVE;
				CLANG_WARN_UNREACHABLE_CODE = YES;
				CLANG_WARN__DUPLICATE_METHOD_MATCH = YES;
				COPY_PHASE_STRIP = NO;
				DEBUG_INFORMATION_FORMAT = "dwarf-with-dsym";
				ENABLE_NS_ASSERTIONS = NO;
				ENABLE_STRICT_OBJC_MSGSEND = YES;
				GCC_C_LANGUAGE_STANDARD = gnu11;
				GCC_NO_COMMON_BLOCKS = YES;
				GCC_WARN_64_TO_32_BIT_CONVERSION = YES;
				GCC_WARN_ABOUT_RETURN_TYPE = YES_ERROR;
				GCC_WARN_UNDECLARED_SELECTOR = YES;
				GCC_WARN_UNINITIALIZED_AUTOS = YES_AGGRESSIVE;
				GCC_WARN_UNUSED_FUNCTION = YES;
				GCC_WARN_UNUSED_VARIABLE = YES;
				IPHONEOS_DEPLOYMENT_TARGET = 13.5;
				MTL_ENABLE_DEBUG_INFO = NO;
				MTL_FAST_MATH = YES;
				SDKROOT = iphoneos;
				SWIFT_COMPILATION_MODE = wholemodule;
				SWIFT_OPTIMIZATION_LEVEL = "-O";
				VALIDATE_PRODUCT = YES;
			};
			name = Release;
		};
		F60523AC24D32429008B3DA9 /* Debug */ = {
			isa = XCBuildConfiguration;
			buildSettings = {
				ASSETCATALOG_COMPILER_APPICON_NAME = AppIcon;
				CODE_SIGN_STYLE = Automatic;
				DEVELOPMENT_TEAM = 4CT28QD5Y7;
				INFOPLIST_FILE = motiv3/Info.plist;
				LD_RUNPATH_SEARCH_PATHS = (
					"$(inherited)",
					"@executable_path/Frameworks",
				);
				PRODUCT_BUNDLE_IDENTIFIER = RB.motiv3;
				PRODUCT_NAME = "$(TARGET_NAME)";
				SWIFT_VERSION = 5.0;
				TARGETED_DEVICE_FAMILY = "1,2";
			};
			name = Debug;
		};
		F60523AD24D32429008B3DA9 /* Release */ = {
			isa = XCBuildConfiguration;
			buildSettings = {
				ASSETCATALOG_COMPILER_APPICON_NAME = AppIcon;
				CODE_SIGN_STYLE = Automatic;
				DEVELOPMENT_TEAM = 4CT28QD5Y7;
				INFOPLIST_FILE = motiv3/Info.plist;
				LD_RUNPATH_SEARCH_PATHS = (
					"$(inherited)",
					"@executable_path/Frameworks",
				);
				PRODUCT_BUNDLE_IDENTIFIER = RB.motiv3;
				PRODUCT_NAME = "$(TARGET_NAME)";
				SWIFT_VERSION = 5.0;
				TARGETED_DEVICE_FAMILY = "1,2";
			};
			name = Release;
		};
/* End XCBuildConfiguration section */

/* Begin XCConfigurationList section */
		F605238F24D32425008B3DA9 /* Build configuration list for PBXProject "motiv3" */ = {
			isa = XCConfigurationList;
			buildConfigurations = (
				F60523A924D32429008B3DA9 /* Debug */,
				F60523AA24D32429008B3DA9 /* Release */,
			);
			defaultConfigurationIsVisible = 0;
			defaultConfigurationName = Release;
		};
		F60523AB24D32429008B3DA9 /* Build configuration list for PBXNativeTarget "motiv3" */ = {
			isa = XCConfigurationList;
			buildConfigurations = (
				F60523AC24D32429008B3DA9 /* Debug */,
				F60523AD24D32429008B3DA9 /* Release */,
			);
			defaultConfigurationIsVisible = 0;
			defaultConfigurationName = Release;
		};
/* End XCConfigurationList section */

/* Begin XCVersionGroup section */
		F60523A024D32425008B3DA9 /* motiv3.xcdatamodeld */ = {
			isa = XCVersionGroup;
			children = (
				F60523A124D32425008B3DA9 /* motiv3.xcdatamodel */,
			);
			currentVersion = F60523A124D32425008B3DA9 /* motiv3.xcdatamodel */;
			path = motiv3.xcdatamodeld;
			sourceTree = "<group>";
			versionGroupType = wrapper.xcdatamodel;
		};
/* End XCVersionGroup section */
	};
	rootObject = F605238C24D32425008B3DA9 /* Project object */;
}
